
Microsoft Visual Studio Solution File, Format Version 12.00
# Visual Studio Version 16
VisualStudioVersion = 16.0.32228.343
MinimumVisualStudioVersion = 10.0.40219.1
Project("{FAE04EC0-301F-11D3-BF4B-00C04F79EFBC}") = "WebCore4", "WebCore4\WebCore4.csproj", "{8AD018E8-8E35-4D60-A5C8-D68F54BF4888}"
EndProject
Global
	GlobalSection(SolutionConfigurationPlatforms) = preSolution
		Debug|Any CPU = Debug|Any CPU
		Release|Any CPU = Release|Any CPU
	EndGlobalSection
	GlobalSection(ProjectConfigurationPlatforms) = postSolution
		{8AD018E8-8E35-4D60-A5C8-D68F54BF4888}.Debug|Any CPU.ActiveCfg = Debug|Any CPU
		{8AD018E8-8E35-4D60-A5C8-D68F54BF4888}.Debug|Any CPU.Build.0 = Debug|Any CPU
		{8AD018E8-8E35-4D60-A5C8-D68F54BF4888}.Release|Any CPU.ActiveCfg = Release|Any CPU
		{8AD018E8-8E35-4D60-A5C8-D68F54BF4888}.Release|Any CPU.Build.0 = Release|Any CPU
	EndGlobalSection
	GlobalSection(SolutionProperties) = preSolution
		HideSolutionNode = FALSE
	EndGlobalSection
	GlobalSection(ExtensibilityGlobals) = postSolution
		SolutionGuid = {55CD6D5A-356F-418A-BE21-40685E243F08}
	EndGlobalSection
EndGlobal
